
Microsoft Visual Studio Solution File, Format Version 12.00
# Visual Studio Version 16
VisualStudioVersion = 16.0.29411.138
MinimumVisualStudioVersion = 10.0.40219.1
Project("{8BC9CEB8-8B4A-11D0-8D11-00A0C91BC942}") = "Perceptron", "Perceptron\Perceptron.vcxproj", "{4B57C551-2D31-4C24-A429-0C30F87521A9}"
EndProject
Project("{8BC9CEB8-8B4A-11D0-8D11-00A0C91BC942}") = "Perceptron with Bias", "Perceptron with Bias\Perceptron with Bias.vcxproj", "{9707BB45-3E54-4157-9CF4-365E61ABB5D9}"
EndProject
Global
	GlobalSection(SolutionConfigurationPlatforms) = preSolution
		Debug|x64 = Debug|x64
		Debug|x86 = Debug|x86
		Release|x64 = Release|x64
		Release|x86 = Release|x86
	EndGlobalSection
	GlobalSection(ProjectConfigurationPlatforms) = postSolution
		{4B57C551-2D31-4C24-A429-0C30F87521A9}.Debug|x64.ActiveCfg = Debug|x64
		{4B57C551-2D31-4C24-A429-0C30F87521A9}.Debug|x64.Build.0 = Debug|x64
		{4B57C551-2D31-4C24-A429-0C30F87521A9}.Debug|x86.ActiveCfg = Debug|Win32
		{4B57C551-2D31-4C24-A429-0C30F87521A9}.Debug|x86.Build.0 = Debug|Win32
		{4B57C551-2D31-4C24-A429-0C30F87521A9}.Release|x64.ActiveCfg = Release|x64
		{4B57C551-2D31-4C24-A429-0C30F87521A9}.Release|x64.Build.0 = Release|x64
		{4B57C551-2D31-4C24-A429-0C30F87521A9}.Release|x86.ActiveCfg = Release|Win32
		{4B57C551-2D31-4C24-A429-0C30F87521A9}.Release|x86.Build.0 = Release|Win32
		{9707BB45-3E54-4157-9CF4-365E61ABB5D9}.Debug|x64.ActiveCfg = Debug|x64
		{9707BB45-3E54-4157-9CF4-365E61ABB5D9}.Debug|x64.Build.0 = Debug|x64
		{9707BB45-3E54-4157-9CF4-365E61ABB5D9}.Debug|x86.ActiveCfg = Debug|Win32
		{9707BB45-3E54-4157-9CF4-365E61ABB5D9}.Debug|x86.Build.0 = Debug|Win32
		{9707BB45-3E54-4157-9CF4-365E61ABB5D9}.Release|x64.ActiveCfg = Release|x64
		{9707BB45-3E54-4157-9CF4-365E61ABB5D9}.Release|x64.Build.0 = Release|x64
		{9707BB45-3E54-4157-9CF4-365E61ABB5D9}.Release|x86.ActiveCfg = Release|Win32
		{9707BB45-3E54-4157-9CF4-365E61ABB5D9}.Release|x86.Build.0 = Release|Win32
	EndGlobalSection
	GlobalSection(SolutionProperties) = preSolution
		HideSolutionNode = FALSE
	EndGlobalSection
	GlobalSection(ExtensibilityGlobals) = postSolution
		SolutionGuid = {EB057DA3-F1E4-45BC-A073-03D708BE8CE0}
	EndGlobalSection
EndGlobal
